{
  "name": "pop3bbs",
  "version": "1.0.1",
  "lockfileVersion": 1,
  "requires": true,
  "dependencies": {
    "@jmkristian/node-agwpe": {
      "version": "1.0.3",
      "resolved": "https://registry.npmjs.org/@jmkristian/node-agwpe/-/node-agwpe-1.0.3.tgz",
      "integrity": "sha512-I1Cjhtclcpboefom1XvBrcf4u3Ahv41LqAyKzC2MAM+ycSwVJVULcenZrXXEtKRDwEDyDvgbPyP1uYgt1sK/SA==",
      "requires": {
        "bunyan-format": "^0.2.1",
        "minimist": "^1.2.8"
      }
    },
    "@jmkristian/node-vara": {
      "version": "1.0.2"
    },
    "@types/ldapjs": {
      "version": "2.2.5",
      "resolved": "https://registry.npmjs.org/@types/ldapjs/-/ldapjs-2.2.5.tgz",
      "integrity": "sha512-Lv/nD6QDCmcT+V1vaTRnEKE8UgOilVv5pHcQuzkU1LcRe4mbHHuUo/KHi0LKrpdHhQY8FJzryF38fcVdeUIrzg==",
      "requires": {
        "@types/node": "*"
      }
    },
    "@types/node": {
      "version": "18.15.3",
      "resolved": "https://registry.npmjs.org/@types/node/-/node-18.15.3.tgz",
      "integrity": "sha512-p6ua9zBxz5otCmbpb5D3U4B5Nanw6Pk3PPyX05xnxbB/fRv71N7CPmORg7uAD5P70T0xmx1pzAx/FUfa5X+3cw=="
    },
    "abstract-logging": {
      "version": "2.0.1",
      "resolved": "https://registry.npmjs.org/abstract-logging/-/abstract-logging-2.0.1.tgz",
      "integrity": "sha512-2BjRTZxTPvheOvGbBslFSYOUkr+SjPtOnrLP33f+VIWLzezQpZcqVg7ja3L4dBXmzzgwT+a029jRx5PCi3JuiA=="
    },
    "addressparser": {
      "version": "0.3.2",
      "resolved": "https://registry.npmjs.org/addressparser/-/addressparser-0.3.2.tgz",
      "integrity": "sha512-fDlslCJpojuY1cnb7tY7COAriA7cdSzDiWyrWNdFn7Cjd+jrEgZavqkOgD/wg+eH765YPnQjqlS88OL/Q0Qtkg=="
    },
    "ansicolors": {
      "version": "0.2.1",
      "resolved": "https://registry.npmjs.org/ansicolors/-/ansicolors-0.2.1.tgz",
      "integrity": "sha512-tOIuy1/SK/dr94ZA0ckDohKXNeBNqZ4us6PjMVLs5h1w2GBB6uPtOknp2+VF4F/zcy9LI70W+Z+pE2Soajky1w=="
    },
    "ansistyles": {
      "version": "0.1.3",
      "resolved": "https://registry.npmjs.org/ansistyles/-/ansistyles-0.1.3.tgz",
      "integrity": "sha512-6QWEyvMgIXX0eO972y7YPBLSBsq7UWKFAoNNTLGaOJ9bstcEL9sCbcjf96dVfNDdUsRoGOK82vWFJlKApXds7g=="
    },
    "asn1": {
      "version": "0.2.6",
      "resolved": "https://registry.npmjs.org/asn1/-/asn1-0.2.6.tgz",
      "integrity": "sha512-ix/FxPn0MDjeyJ7i/yoHGFt/EX6LyNbxSEhPPXODPL+KB0VPk86UYfL0lMdy+KCnv+fmvIzySwaK5COwqVbWTQ==",
      "requires": {
        "safer-buffer": "~2.1.0"
      }
    },
    "assert-plus": {
      "version": "1.0.0",
      "resolved": "https://registry.npmjs.org/assert-plus/-/assert-plus-1.0.0.tgz",
      "integrity": "sha512-NfJ4UzBCcQGLDlQq7nHxH+tv3kyZ0hHQqF5BO6J7tNJeP5do1llPr8dZ8zHonfhAu0PHAdMkSo+8o0wxg9lZWw=="
    },
    "backoff": {
      "version": "2.5.0",
      "resolved": "https://registry.npmjs.org/backoff/-/backoff-2.5.0.tgz",
      "integrity": "sha512-wC5ihrnUXmR2douXmXLCe5O3zg3GKIyvRi/hi58a/XyRxVI+3/yM0PYueQOZXPXQ9pxBislYkw+sF9b7C/RuMA==",
      "requires": {
        "precond": "0.2"
      }
    },
    "balanced-match": {
      "version": "1.0.2",
      "resolved": "https://registry.npmjs.org/balanced-match/-/balanced-match-1.0.2.tgz",
      "integrity": "sha512-3oSeUO0TMV67hN1AmbXsK4yaqU7tjiHlbxRDZOpH0KW9+CeX4bRAaX0Anxt0tx2MrpRpWwQaPwIlISEJhYU5Pw==",
      "optional": true
    },
    "brace-expansion": {
      "version": "1.1.11",
      "resolved": "https://registry.npmjs.org/brace-expansion/-/brace-expansion-1.1.11.tgz",
      "integrity": "sha512-iCuPHDFgrHX7H2vEI/5xpz07zSHB00TpugqhmYtVmMO6518mCuRMoOYFldEBl0g187ufozdaHgWKcYFb61qGiA==",
      "optional": true,
      "requires": {
        "balanced-match": "^1.0.0",
        "concat-map": "0.0.1"
      }
    },
    "bunyan": {
      "version": "1.8.15",
      "resolved": "https://registry.npmjs.org/bunyan/-/bunyan-1.8.15.tgz",
      "integrity": "sha512-0tECWShh6wUysgucJcBAoYegf3JJoZWibxdqhTm7OHPeT42qdjkZ29QCMcKwbgU1kiH+auSIasNRXMLWXafXig==",
      "requires": {
        "dtrace-provider": "~0.8",
        "moment": "^2.19.3",
        "mv": "~2",
        "safe-json-stringify": "~1"
      }
    },
    "bunyan-format": {
      "version": "0.2.1",
      "resolved": "https://registry.npmjs.org/bunyan-format/-/bunyan-format-0.2.1.tgz",
      "integrity": "sha512-xQs2LwWskjQdv7bVkMNwvMi7HnvDQoX4587H90nDGQGPPwHrmxsihBOIYHMVwjLMMOokITKPyFcbFneblvMEjQ==",
      "requires": {
        "ansicolors": "~0.2.1",
        "ansistyles": "~0.1.1",
        "xtend": "~2.1.1"
      }
    },
    "concat-map": {
      "version": "0.0.1",
      "resolved": "https://registry.npmjs.org/concat-map/-/concat-map-0.0.1.tgz",
      "integrity": "sha512-/Srv4dswyQNBfohGpz9o6Yb3Gz3SrUDqBH5rTuhGR7ahtlbYKnVxw2bCFMRljaA7EXHaXZ8wsHdodFvbkhKmqg==",
      "optional": true
    },
    "core-util-is": {
      "version": "1.0.2",
      "resolved": "https://registry.npmjs.org/core-util-is/-/core-util-is-1.0.2.tgz",
      "integrity": "sha512-3lqz5YjWTYnW6dlDa5TLaTCcShfar1e40rmcJVwCBJC6mWlFuj0eCHIElmG1g5kyuJ/GD+8Wn4FFCcz4gJPfaQ=="
    },
    "dtrace-provider": {
      "version": "0.8.8",
      "resolved": "https://registry.npmjs.org/dtrace-provider/-/dtrace-provider-0.8.8.tgz",
      "integrity": "sha512-b7Z7cNtHPhH9EJhNNbbeqTcXB8LGFFZhq1PGgEvpeHlzd36bhbdTWoE/Ba/YguqpBSlAPKnARWhVlhunCMwfxg==",
      "optional": true,
      "requires": {
        "nan": "^2.14.0"
      }
    },
    "encoding": {
      "version": "0.1.13",
      "resolved": "https://registry.npmjs.org/encoding/-/encoding-0.1.13.tgz",
      "integrity": "sha512-ETBauow1T35Y/WZMkio9jiM0Z5xjHHmJ4XmjZOq1l/dXz3lr2sRn87nJy20RupqSh1F2m3HHPSp8ShIPQJrJ3A==",
      "requires": {
        "iconv-lite": "^0.6.2"
      }
    },
    "escape-string-regexp": {
      "version": "1.0.5",
      "resolved": "https://registry.npmjs.org/escape-string-regexp/-/escape-string-regexp-1.0.5.tgz",
      "integrity": "sha512-vbRorB5FUQWvla16U8R/qgaFIya2qGzwDrNmCZuYKrbdSUMG6I1ZCGQRefkRVhuOkIGVne7BQ35DSfo1qvJqFg=="
    },
    "extend": {
      "version": "3.0.2",
      "resolved": "https://registry.npmjs.org/extend/-/extend-3.0.2.tgz",
      "integrity": "sha512-fjquC59cD7CyW6urNXK0FBufkZcoiGG80wTuPujX590cB5Ttln20E2UB4S/WARVqhXffZl2LNgS+gQdPIIim/g=="
    },
    "extsprintf": {
      "version": "1.4.1",
      "resolved": "https://registry.npmjs.org/extsprintf/-/extsprintf-1.4.1.tgz",
      "integrity": "sha512-Wrk35e8ydCKDj/ArClo1VrPVmN8zph5V4AtHwIuHhvMXsKf73UT3BOD+azBIW+3wOJ4FhEH7zyaJCFvChjYvMA=="
    },
    "glob": {
      "version": "6.0.4",
      "resolved": "https://registry.npmjs.org/glob/-/glob-6.0.4.tgz",
      "integrity": "sha512-MKZeRNyYZAVVVG1oZeLaWie1uweH40m9AZwIwxyPbTSX4hHrVYSzLg0Ro5Z5R7XKkIX+Cc6oD1rqeDJnwsB8/A==",
      "optional": true,
      "requires": {
        "inflight": "^1.0.4",
        "inherits": "2",
        "minimatch": "2 || 3",
        "once": "^1.3.0",
        "path-is-absolute": "^1.0.0"
      }
    },
    "iconv-lite": {
      "version": "0.6.3",
      "resolved": "https://registry.npmjs.org/iconv-lite/-/iconv-lite-0.6.3.tgz",
      "integrity": "sha512-4fCk79wshMdzMp2rH06qWrJE4iolqLhCUH+OiuIgU++RB0+94NlDL81atO7GX55uUKueo0txHNtvEyI6D7WdMw==",
      "requires": {
        "safer-buffer": ">= 2.1.2 < 3.0.0"
      }
    },
    "inflight": {
      "version": "1.0.6",
      "resolved": "https://registry.npmjs.org/inflight/-/inflight-1.0.6.tgz",
      "integrity": "sha512-k92I/b08q4wvFscXCLvqfsHCrjrF7yiXsQuIVvVE7N82W3+aqpzuUdBbfhWcy/FZR3/4IgflMgKLOsvPDrGCJA==",
      "optional": true,
      "requires": {
        "once": "^1.3.0",
        "wrappy": "1"
      }
    },
    "inherits": {
      "version": "2.0.4",
      "resolved": "https://registry.npmjs.org/inherits/-/inherits-2.0.4.tgz",
      "integrity": "sha512-k/vGaX4/Yla3WzyMCvTQOXYeIHvqOKtnqBduzTHpzpQZzAskKMhZ2K+EnBiSM9zGSoIFeMpXKxa4dYeZIQqewQ==",
      "optional": true
    },
    "ini": {
      "version": "2.0.0",
      "resolved": "https://registry.npmjs.org/ini/-/ini-2.0.0.tgz",
      "integrity": "sha512-7PnF4oN3CvZF23ADhA5wRaYEQpJ8qygSkbtTXWBeXWXmEVRXK+1ITciHWwHhsjv1TmW0MgacIv6hEi5pX5NQdA=="
    },
    "ldap-filter": {
      "version": "0.3.3",
      "resolved": "https://registry.npmjs.org/ldap-filter/-/ldap-filter-0.3.3.tgz",
      "integrity": "sha512-/tFkx5WIn4HuO+6w9lsfxq4FN3O+fDZeO9Mek8dCD8rTUpqzRa766BOBO7BcGkn3X86m5+cBm1/2S/Shzz7gMg==",
      "requires": {
        "assert-plus": "^1.0.0"
      }
    },
    "ldapjs": {
      "version": "2.3.3",
      "resolved": "https://registry.npmjs.org/ldapjs/-/ldapjs-2.3.3.tgz",
      "integrity": "sha512-75QiiLJV/PQqtpH+HGls44dXweviFwQ6SiIK27EqzKQ5jU/7UFrl2E5nLdQ3IYRBzJ/AVFJI66u0MZ0uofKYwg==",
      "requires": {
        "abstract-logging": "^2.0.0",
        "asn1": "^0.2.4",
        "assert-plus": "^1.0.0",
        "backoff": "^2.5.0",
        "ldap-filter": "^0.3.3",
        "once": "^1.4.0",
        "vasync": "^2.2.0",
        "verror": "^1.8.1"
      }
    },
    "ldapjs-promise": {
      "version": "1.0.7",
      "resolved": "https://registry.npmjs.org/ldapjs-promise/-/ldapjs-promise-1.0.7.tgz",
      "integrity": "sha512-PLZr4s1Jv5vhKjpsFWimeYPWRbVER8vnqe7xf1+5XwBzzsd6iCkNfUFDQN8A6Jet46X/C4qqMAaoy2Gwx9GTVg==",
      "requires": {
        "@types/ldapjs": "^2.2.0",
        "abstract-logging": "^2.0.1",
        "ldapjs": "^2.3.2"
      }
    },
    "mailparser": {
      "version": "0.5.3",
      "resolved": "https://registry.npmjs.org/mailparser/-/mailparser-0.5.3.tgz",
      "integrity": "sha512-wA6/BX7eQZ9gumO5N4g6QV/GQNHLAd72BUrfbfZ6NC63Hh4b1BdHOQ/Ps2hzR+qCE68X2YK3B2HCT8VohZ5qKQ==",
      "requires": {
        "encoding": "^0.1.11",
        "mime": "^1.3.4",
        "mimelib": "^0.2.19",
        "uue": "^3.0.0"
      }
    },
    "mime": {
      "version": "1.6.0",
      "resolved": "https://registry.npmjs.org/mime/-/mime-1.6.0.tgz",
      "integrity": "sha512-x0Vn8spI+wuJ1O6S7gnbaQg8Pxh4NNHb7KSINmEWKiPE4RKOplvijn+NkmYmmRgP68mc70j2EbeTFRsrswaQeg=="
    },
    "mimelib": {
      "version": "0.2.19",
      "resolved": "https://registry.npmjs.org/mimelib/-/mimelib-0.2.19.tgz",
      "integrity": "sha512-f0FEP0iMNT2u4YbAIBK8KZHaOvWGAdrVq+OyLUpIjpCfjO+nVCTtNM9wb+O8tJPm12w6kb4I6okERU94QdA43A==",
      "requires": {
        "addressparser": "~0.3.2",
        "encoding": "~0.1.7"
      }
    },
    "minimatch": {
      "version": "3.1.2",
      "resolved": "https://registry.npmjs.org/minimatch/-/minimatch-3.1.2.tgz",
      "integrity": "sha512-J7p63hRiAjw1NDEww1W7i37+ByIrOWO5XQQAzZ3VOcL0PNybwpfmV/N05zFAzwQ9USyEcX6t3UO+K5aqBQOIHw==",
      "optional": true,
      "requires": {
        "brace-expansion": "^1.1.7"
      }
    },
    "minimist": {
      "version": "1.2.8",
      "resolved": "https://registry.npmjs.org/minimist/-/minimist-1.2.8.tgz",
      "integrity": "sha512-2yyAR8qBkN3YuheJanUpWC5U3bb5osDywNB8RzDVlDwDHbocAJveqqj1u8+SVD7jkWT4yvsHCpWqqWqAxb0zCA=="
    },
    "mkdirp": {
      "version": "0.5.6",
      "resolved": "https://registry.npmjs.org/mkdirp/-/mkdirp-0.5.6.tgz",
      "integrity": "sha512-FP+p8RB8OWpF3YZBCrP5gtADmtXApB5AMLn+vdyA+PyxCjrCs00mjyUozssO33cwDeT3wNGdLxJ5M//YqtHAJw==",
      "optional": true,
      "requires": {
        "minimist": "^1.2.6"
      }
    },
    "moment": {
      "version": "2.29.4",
      "resolved": "https://registry.npmjs.org/moment/-/moment-2.29.4.tgz",
      "integrity": "sha512-5LC9SOxjSc2HF6vO2CyuTDNivEdoz2IvyJJGj6X8DJ0eFyfszE0QiEd+iXmBvUP3WHxSjFH/vIsA0EN00cgr8w==",
      "optional": true
    },
    "mv": {
      "version": "2.1.1",
      "resolved": "https://registry.npmjs.org/mv/-/mv-2.1.1.tgz",
      "integrity": "sha512-at/ZndSy3xEGJ8i0ygALh8ru9qy7gWW1cmkaqBN29JmMlIvM//MEO9y1sk/avxuwnPcfhkejkLsuPxH81BrkSg==",
      "optional": true,
      "requires": {
        "mkdirp": "~0.5.1",
        "ncp": "~2.0.0",
        "rimraf": "~2.4.0"
      }
    },
    "nan": {
      "version": "2.17.0",
      "resolved": "https://registry.npmjs.org/nan/-/nan-2.17.0.tgz",
      "integrity": "sha512-2ZTgtl0nJsO0KQCjEpxcIr5D+Yv90plTitZt9JBfQvVJDS5seMl3FOvsh3+9CoYWXf/1l5OaZzzF6nDm4cagaQ==",
      "optional": true
    },
    "ncp": {
      "version": "2.0.0",
      "resolved": "https://registry.npmjs.org/ncp/-/ncp-2.0.0.tgz",
      "integrity": "sha512-zIdGUrPRFTUELUvr3Gmc7KZ2Sw/h1PiVM0Af/oHB6zgnV1ikqSfRk+TOufi79aHYCW3NiOXmr1BP5nWbzojLaA==",
      "optional": true
    },
    "nodemailer": {
      "version": "6.9.1",
      "resolved": "https://registry.npmjs.org/nodemailer/-/nodemailer-6.9.1.tgz",
      "integrity": "sha512-qHw7dOiU5UKNnQpXktdgQ1d3OFgRAekuvbJLcdG5dnEo/GtcTHRYM7+UfJARdOFU9WUQO8OiIamgWPmiSFHYAA=="
    },
    "object-keys": {
      "version": "0.4.0",
      "resolved": "https://registry.npmjs.org/object-keys/-/object-keys-0.4.0.tgz",
      "integrity": "sha512-ncrLw+X55z7bkl5PnUvHwFK9FcGuFYo9gtjws2XtSzL+aZ8tm830P60WJ0dSmFVaSalWieW5MD7kEdnXda9yJw=="
    },
    "once": {
      "version": "1.4.0",
      "resolved": "https://registry.npmjs.org/once/-/once-1.4.0.tgz",
      "integrity": "sha512-lNaJgI+2Q5URQBkccEKHTQOPaXdUxnZZElQTZY0MFUAuaEqe1E+Nyvgdz/aIyNi6Z9MzO5dv1H8n58/GELp3+w==",
      "requires": {
        "wrappy": "1"
      }
    },
    "path-is-absolute": {
      "version": "1.0.1",
      "resolved": "https://registry.npmjs.org/path-is-absolute/-/path-is-absolute-1.0.1.tgz",
      "integrity": "sha512-AVbw3UJ2e9bq64vSaS9Am0fje1Pa8pbGqTTsmXfaIiMpnr5DlDhfJOuLj9Sf95ZPVDAUerDfEk88MPmPe7UCQg==",
      "optional": true
    },
    "precond": {
      "version": "0.2.3",
      "resolved": "https://registry.npmjs.org/precond/-/precond-0.2.3.tgz",
      "integrity": "sha512-QCYG84SgGyGzqJ/vlMsxeXd/pgL/I94ixdNFyh1PusWmTCyVfPJjZ1K1jvHtsbfnXQs2TSkEP2fR7QiMZAnKFQ=="
    },
    "rimraf": {
      "version": "2.4.5",
      "resolved": "https://registry.npmjs.org/rimraf/-/rimraf-2.4.5.tgz",
      "integrity": "sha512-J5xnxTyqaiw06JjMftq7L9ouA448dw/E7dKghkP9WpKNuwmARNNg+Gk8/u5ryb9N/Yo2+z3MCwuqFK/+qPOPfQ==",
      "optional": true,
      "requires": {
        "glob": "^6.0.1"
      }
    },
    "safe-json-stringify": {
      "version": "1.2.0",
      "resolved": "https://registry.npmjs.org/safe-json-stringify/-/safe-json-stringify-1.2.0.tgz",
      "integrity": "sha512-gH8eh2nZudPQO6TytOvbxnuhYBOvDBBLW52tz5q6X58lJcd/tkmqFR+5Z9adS8aJtURSXWThWy/xJtJwixErvg==",
      "optional": true
    },
    "safer-buffer": {
      "version": "2.1.2",
      "resolved": "https://registry.npmjs.org/safer-buffer/-/safer-buffer-2.1.2.tgz",
      "integrity": "sha512-YZo3K82SD7Riyi0E1EQPojLz7kpepnSQI9IyPbHHg1XXXevb5dJI7tpyN2ADxGcQbHG7vcyRHk0cbwqcQriUtg=="
    },
    "uue": {
      "version": "3.1.2",
      "resolved": "https://registry.npmjs.org/uue/-/uue-3.1.2.tgz",
      "integrity": "sha512-axKLXVqwtdI/czrjG0X8hyV1KLgeWx8F4KvSbvVCnS+RUvsQMGRjx0kfuZDXXqj0LYvVJmx3B9kWlKtEdRrJLg==",
      "requires": {
        "escape-string-regexp": "~1.0.5",
        "extend": "~3.0.0"
      }
    },
    "vasync": {
      "version": "2.2.1",
      "resolved": "https://registry.npmjs.org/vasync/-/vasync-2.2.1.tgz",
      "integrity": "sha512-Hq72JaTpcTFdWiNA4Y22Amej2GH3BFmBaKPPlDZ4/oC8HNn2ISHLkFrJU4Ds8R3jcUi7oo5Y9jcMHKjES+N9wQ==",
      "requires": {
        "verror": "1.10.0"
      },
      "dependencies": {
        "verror": {
          "version": "1.10.0",
          "resolved": "https://registry.npmjs.org/verror/-/verror-1.10.0.tgz",
          "integrity": "sha512-ZZKSmDAEFOijERBLkmYfJ+vmk3w+7hOLYDNkRCuRuMJGEmqYNCNLyBBFwWKVMhfwaEF3WOd0Zlw86U/WC/+nYw==",
          "requires": {
            "assert-plus": "^1.0.0",
            "core-util-is": "1.0.2",
            "extsprintf": "^1.2.0"
          }
        }
      }
    },
    "verror": {
      "version": "1.10.1",
      "resolved": "https://registry.npmjs.org/verror/-/verror-1.10.1.tgz",
      "integrity": "sha512-veufcmxri4e3XSrT0xwfUR7kguIkaxBeosDg00yDWhk49wdwkSUrvvsm7nc75e1PUyvIeZj6nS8VQRYz2/S4Xg==",
      "requires": {
        "assert-plus": "^1.0.0",
        "core-util-is": "1.0.2",
        "extsprintf": "^1.2.0"
      }
    },
    "wrappy": {
      "version": "1.0.2",
      "resolved": "https://registry.npmjs.org/wrappy/-/wrappy-1.0.2.tgz",
      "integrity": "sha512-l4Sp/DRseor9wL6EvV2+TuQn63dMkPjZ/sp9XkghTEbV9KlPS1xUsZ3u7/IQO4wxtcFB4bgpQPRcR3QCvezPcQ=="
    },
    "xtend": {
      "version": "2.1.2",
      "resolved": "https://registry.npmjs.org/xtend/-/xtend-2.1.2.tgz",
      "integrity": "sha512-vMNKzr2rHP9Dp/e1NQFnLQlwlhp9L/LfvnsVdHxN1f+uggyVI3i08uD14GPvCToPkdsRfyPqIyYGmIk58V98ZQ==",
      "requires": {
        "object-keys": "~0.4.0"
      }
    },
    "yapople": {
      "version": "0.4.8",
      "resolved": "https://registry.npmjs.org/yapople/-/yapople-0.4.8.tgz",
      "integrity": "sha512-242BLg1ss+KsrOzCdilwZ8kGUFZJIjOTYleoqhKw1Fpxvz9pRSlfUNStkRz7FKSpInRa2DPEuZowJAYZq14e6Q==",
      "requires": {
        "mailparser": "^0.5.1"
      }
    }
  }
}
